// !$*UTF8*$!
{
	archiveVersion = 1;
	classes = {
	};
	objectVersion = 55;
	objects = {

/* Begin PBXBuildFile section */
		6D6991F92867826800AC033B /* AppDelegate.swift in Sources */ = {isa = PBXBuildFile; fileRef = 6D6991F82867826800AC033B /* AppDelegate.swift */; };
		6D6991FB2867826800AC033B /* SceneDelegate.swift in Sources */ = {isa = PBXBuildFile; fileRef = 6D6991FA2867826800AC033B /* SceneDelegate.swift */; };
		6D6992022867826A00AC033B /* Assets.xcassets in Resources */ = {isa = PBXBuildFile; fileRef = 6D6992012867826A00AC033B /* Assets.xcassets */; };
		6D6992052867826A00AC033B /* LaunchScreen.storyboard in Resources */ = {isa = PBXBuildFile; fileRef = 6D6992032867826A00AC033B /* LaunchScreen.storyboard */; };
		6D6992322867997D00AC033B /* TransactionListViewController.swift in Sources */ = {isa = PBXBuildFile; fileRef = 6D6992302867997D00AC033B /* TransactionListViewController.swift */; };
		6D6992332867997D00AC033B /* TransactionListViewController.xib in Resources */ = {isa = PBXBuildFile; fileRef = 6D6992312867997D00AC033B /* TransactionListViewController.xib */; };
		6D6992362867A4E900AC033B /* UIView.swift in Sources */ = {isa = PBXBuildFile; fileRef = 6D6992352867A4E900AC033B /* UIView.swift */; };
		6D6992382867A87A00AC033B /* TransactionListViewModel.swift in Sources */ = {isa = PBXBuildFile; fileRef = 6D6992372867A87A00AC033B /* TransactionListViewModel.swift */; };
		6D69923B2867B45C00AC033B /* Transaction.swift in Sources */ = {isa = PBXBuildFile; fileRef = 6D69923A2867B45C00AC033B /* Transaction.swift */; };
		6D69923E2867F3BB00AC033B /* ArrayTests.swift in Sources */ = {isa = PBXBuildFile; fileRef = 6D69923D2867F3BB00AC033B /* ArrayTests.swift */; };
		6D6992422867F8C500AC033B /* Float.swift in Sources */ = {isa = PBXBuildFile; fileRef = 6D6992412867F8C500AC033B /* Float.swift */; };
		6D6992452867FAE600AC033B /* FloatTests.swift in Sources */ = {isa = PBXBuildFile; fileRef = 6D6992442867FAE600AC033B /* FloatTests.swift */; };
		6D699247286802D100AC033B /* UIViewTests.swift in Sources */ = {isa = PBXBuildFile; fileRef = 6D699246286802D100AC033B /* UIViewTests.swift */; };
		6D69924928680F6000AC033B /* Array.swift in Sources */ = {isa = PBXBuildFile; fileRef = 6D69924828680F6000AC033B /* Array.swift */; };
		6D69924B2868127500AC033B /* Dictionary.swift in Sources */ = {isa = PBXBuildFile; fileRef = 6D69924A2868127500AC033B /* Dictionary.swift */; };
		6D69924D286812A100AC033B /* Date.swift in Sources */ = {isa = PBXBuildFile; fileRef = 6D69924C286812A100AC033B /* Date.swift */; };
		6D699251286817C700AC033B /* TransactionTableViewDataSource.swift in Sources */ = {isa = PBXBuildFile; fileRef = 6D699250286817C700AC033B /* TransactionTableViewDataSource.swift */; };
		6D699259286A288D00AC033B /* TransactionTableViewCell.swift in Sources */ = {isa = PBXBuildFile; fileRef = 6D699257286A288D00AC033B /* TransactionTableViewCell.swift */; };
		6D69925A286A288D00AC033B /* TransactionTableViewCell.xib in Resources */ = {isa = PBXBuildFile; fileRef = 6D699258286A288D00AC033B /* TransactionTableViewCell.xib */; };
		6D69925C286A8CEC00AC033B /* RoudedSectionTableView.swift in Sources */ = {isa = PBXBuildFile; fileRef = 6D69925B286A8CEB00AC033B /* RoudedSectionTableView.swift */; };
		6D699261286B3CF000AC033B /* DateTests.swift in Sources */ = {isa = PBXBuildFile; fileRef = 6D699260286B3CF000AC033B /* DateTests.swift */; };
		6D699264286B485A00AC033B /* TransactionTableViewCellTests.swift in Sources */ = {isa = PBXBuildFile; fileRef = 6D699263286B485A00AC033B /* TransactionTableViewCellTests.swift */; };
		6D699266286B6B9100AC033B /* UIView+Tests.swift in Sources */ = {isa = PBXBuildFile; fileRef = 6D699265286B6B9100AC033B /* UIView+Tests.swift */; };
		6D69926F286B72F800AC033B /* AddTransactionViewController.swift in Sources */ = {isa = PBXBuildFile; fileRef = 6D69926D286B72F800AC033B /* AddTransactionViewController.swift */; };
		6D699270286B72F800AC033B /* AddTransactionViewController.xib in Resources */ = {isa = PBXBuildFile; fileRef = 6D69926E286B72F800AC033B /* AddTransactionViewController.xib */; };
		6D699273286BA61D00AC033B /* TransactionInputValidation.swift in Sources */ = {isa = PBXBuildFile; fileRef = 6D699272286BA61D00AC033B /* TransactionInputValidation.swift */; };
		6D699275286BAA2D00AC033B /* AddTransactionViewControllerDelegate.swift in Sources */ = {isa = PBXBuildFile; fileRef = 6D699274286BAA2D00AC033B /* AddTransactionViewControllerDelegate.swift */; };
		6D699278286BAC0C00AC033B /* TransactionInputValidationTests.swift in Sources */ = {isa = PBXBuildFile; fileRef = 6D699277286BAC0C00AC033B /* TransactionInputValidationTests.swift */; };
		6D69927C286C896300AC033B /* TransactionListViewControllerTests.swift in Sources */ = {isa = PBXBuildFile; fileRef = 6D69927B286C896300AC033B /* TransactionListViewControllerTests.swift */; };
		6D69927F286CD89B00AC033B /* TransactionListViewModelMock.swift in Sources */ = {isa = PBXBuildFile; fileRef = 6D69927E286CD89B00AC033B /* TransactionListViewModelMock.swift */; };
		6D699282286CEFD100AC033B /* AddTransactionViewControllerTests.swift in Sources */ = {isa = PBXBuildFile; fileRef = 6D699281286CEFD100AC033B /* AddTransactionViewControllerTests.swift */; };
		6D699284286CFAC300AC033B /* AddTransactionViewControllerDelegateMock.swift in Sources */ = {isa = PBXBuildFile; fileRef = 6D699283286CFAC300AC033B /* AddTransactionViewControllerDelegateMock.swift */; };
		6D699287286D15A400AC033B /* Realm in Frameworks */ = {isa = PBXBuildFile; productRef = 6D699286286D15A400AC033B /* Realm */; };
		6D699289286D15A400AC033B /* RealmSwift in Frameworks */ = {isa = PBXBuildFile; productRef = 6D699288286D15A400AC033B /* RealmSwift */; };
		6D69928C286E10C600AC033B /* DataBaseRealmImp.swift in Sources */ = {isa = PBXBuildFile; fileRef = 6D69928B286E10C500AC033B /* DataBaseRealmImp.swift */; };
		6D69928E286E10D500AC033B /* DataBase.swift in Sources */ = {isa = PBXBuildFile; fileRef = 6D69928D286E10D500AC033B /* DataBase.swift */; };
		6D699290286E112300AC033B /* TransactionDAO.swift in Sources */ = {isa = PBXBuildFile; fileRef = 6D69928F286E112300AC033B /* TransactionDAO.swift */; };
		6D699293286E4A6B00AC033B /* TransactionListViewModelTests.swift in Sources */ = {isa = PBXBuildFile; fileRef = 6D699292286E4A6B00AC033B /* TransactionListViewModelTests.swift */; };
		6D699295286E757800AC033B /* String+Tests.swift in Sources */ = {isa = PBXBuildFile; fileRef = 6D699294286E757700AC033B /* String+Tests.swift */; };
		6D699297286E791200AC033B /* DataBaseMockImp.swift in Sources */ = {isa = PBXBuildFile; fileRef = 6D699296286E791200AC033B /* DataBaseMockImp.swift */; };
/* End PBXBuildFile section */

/* Begin PBXContainerItemProxy section */
		6D69920C2867826B00AC033B /* PBXContainerItemProxy */ = {
			isa = PBXContainerItemProxy;
			containerPortal = 6D6991ED2867826800AC033B /* Project object */;
			proxyType = 1;
			remoteGlobalIDString = 6D6991F42867826800AC033B;
			remoteInfo = ExpensesReport;
		};
/* End PBXContainerItemProxy section */

/* Begin PBXFileReference section */
		6D6991F52867826800AC033B /* ExpensesReport.app */ = {isa = PBXFileReference; explicitFileType = wrapper.application; includeInIndex = 0; path = ExpensesReport.app; sourceTree = BUILT_PRODUCTS_DIR; };
		6D6991F82867826800AC033B /* AppDelegate.swift */ = {isa = PBXFileReference; lastKnownFileType = sourcecode.swift; path = AppDelegate.swift; sourceTree = "<group>"; };
		6D6991FA2867826800AC033B /* SceneDelegate.swift */ = {isa = PBXFileReference; lastKnownFileType = sourcecode.swift; path = SceneDelegate.swift; sourceTree = "<group>"; };
		6D6992012867826A00AC033B /* Assets.xcassets */ = {isa = PBXFileReference; lastKnownFileType = folder.assetcatalog; path = Assets.xcassets; sourceTree = "<group>"; };
		6D6992042867826A00AC033B /* Base */ = {isa = PBXFileReference; lastKnownFileType = file.storyboard; name = Base; path = Base.lproj/LaunchScreen.storyboard; sourceTree = "<group>"; };
		6D6992062867826A00AC033B /* Info.plist */ = {isa = PBXFileReference; lastKnownFileType = text.plist.xml; path = Info.plist; sourceTree = "<group>"; };
		6D69920B2867826B00AC033B /* ExpensesReportTests.xctest */ = {isa = PBXFileReference; explicitFileType = wrapper.cfbundle; includeInIndex = 0; path = ExpensesReportTests.xctest; sourceTree = BUILT_PRODUCTS_DIR; };
		6D6992302867997D00AC033B /* TransactionListViewController.swift */ = {isa = PBXFileReference; lastKnownFileType = sourcecode.swift; path = TransactionListViewController.swift; sourceTree = "<group>"; };
		6D6992312867997D00AC033B /* TransactionListViewController.xib */ = {isa = PBXFileReference; lastKnownFileType = file.xib; path = TransactionListViewController.xib; sourceTree = "<group>"; };
		6D6992352867A4E900AC033B /* UIView.swift */ = {isa = PBXFileReference; lastKnownFileType = sourcecode.swift; path = UIView.swift; sourceTree = "<group>"; };
		6D6992372867A87A00AC033B /* TransactionListViewModel.swift */ = {isa = PBXFileReference; lastKnownFileType = sourcecode.swift; path = TransactionListViewModel.swift; sourceTree = "<group>"; };
		6D69923A2867B45C00AC033B /* Transaction.swift */ = {isa = PBXFileReference; lastKnownFileType = sourcecode.swift; path = Transaction.swift; sourceTree = "<group>"; };
		6D69923D2867F3BB00AC033B /* ArrayTests.swift */ = {isa = PBXFileReference; lastKnownFileType = sourcecode.swift; path = ArrayTests.swift; sourceTree = "<group>"; };
		6D6992412867F8C500AC033B /* Float.swift */ = {isa = PBXFileReference; lastKnownFileType = sourcecode.swift; path = Float.swift; sourceTree = "<group>"; };
		6D6992442867FAE600AC033B /* FloatTests.swift */ = {isa = PBXFileReference; lastKnownFileType = sourcecode.swift; path = FloatTests.swift; sourceTree = "<group>"; };
		6D699246286802D100AC033B /* UIViewTests.swift */ = {isa = PBXFileReference; lastKnownFileType = sourcecode.swift; path = UIViewTests.swift; sourceTree = "<group>"; };
		6D69924828680F6000AC033B /* Array.swift */ = {isa = PBXFileReference; lastKnownFileType = sourcecode.swift; path = Array.swift; sourceTree = "<group>"; };
		6D69924A2868127500AC033B /* Dictionary.swift */ = {isa = PBXFileReference; lastKnownFileType = sourcecode.swift; path = Dictionary.swift; sourceTree = "<group>"; };
		6D69924C286812A100AC033B /* Date.swift */ = {isa = PBXFileReference; lastKnownFileType = sourcecode.swift; path = Date.swift; sourceTree = "<group>"; };
		6D699250286817C700AC033B /* TransactionTableViewDataSource.swift */ = {isa = PBXFileReference; lastKnownFileType = sourcecode.swift; path = TransactionTableViewDataSource.swift; sourceTree = "<group>"; };
		6D699257286A288D00AC033B /* TransactionTableViewCell.swift */ = {isa = PBXFileReference; lastKnownFileType = sourcecode.swift; path = TransactionTableViewCell.swift; sourceTree = "<group>"; };
		6D699258286A288D00AC033B /* TransactionTableViewCell.xib */ = {isa = PBXFileReference; lastKnownFileType = file.xib; path = TransactionTableViewCell.xib; sourceTree = "<group>"; };
		6D69925B286A8CEB00AC033B /* RoudedSectionTableView.swift */ = {isa = PBXFileReference; lastKnownFileType = sourcecode.swift; path = RoudedSectionTableView.swift; sourceTree = "<group>"; };
		6D699260286B3CF000AC033B /* DateTests.swift */ = {isa = PBXFileReference; lastKnownFileType = sourcecode.swift; path = DateTests.swift; sourceTree = "<group>"; };
		6D699263286B485A00AC033B /* TransactionTableViewCellTests.swift */ = {isa = PBXFileReference; lastKnownFileType = sourcecode.swift; path = TransactionTableViewCellTests.swift; sourceTree = "<group>"; };
		6D699265286B6B9100AC033B /* UIView+Tests.swift */ = {isa = PBXFileReference; lastKnownFileType = sourcecode.swift; path = "UIView+Tests.swift"; sourceTree = "<group>"; };
		6D69926D286B72F800AC033B /* AddTransactionViewController.swift */ = {isa = PBXFileReference; lastKnownFileType = sourcecode.swift; path = AddTransactionViewController.swift; sourceTree = "<group>"; };
		6D69926E286B72F800AC033B /* AddTransactionViewController.xib */ = {isa = PBXFileReference; lastKnownFileType = file.xib; path = AddTransactionViewController.xib; sourceTree = "<group>"; };
		6D699272286BA61D00AC033B /* TransactionInputValidation.swift */ = {isa = PBXFileReference; lastKnownFileType = sourcecode.swift; path = TransactionInputValidation.swift; sourceTree = "<group>"; };
		6D699274286BAA2D00AC033B /* AddTransactionViewControllerDelegate.swift */ = {isa = PBXFileReference; lastKnownFileType = sourcecode.swift; path = AddTransactionViewControllerDelegate.swift; sourceTree = "<group>"; };
		6D699277286BAC0C00AC033B /* TransactionInputValidationTests.swift */ = {isa = PBXFileReference; lastKnownFileType = sourcecode.swift; path = TransactionInputValidationTests.swift; sourceTree = "<group>"; };
		6D69927B286C896300AC033B /* TransactionListViewControllerTests.swift */ = {isa = PBXFileReference; lastKnownFileType = sourcecode.swift; path = TransactionListViewControllerTests.swift; sourceTree = "<group>"; };
		6D69927E286CD89B00AC033B /* TransactionListViewModelMock.swift */ = {isa = PBXFileReference; lastKnownFileType = sourcecode.swift; path = TransactionListViewModelMock.swift; sourceTree = "<group>"; };
		6D699281286CEFD100AC033B /* AddTransactionViewControllerTests.swift */ = {isa = PBXFileReference; lastKnownFileType = sourcecode.swift; path = AddTransactionViewControllerTests.swift; sourceTree = "<group>"; };
		6D699283286CFAC300AC033B /* AddTransactionViewControllerDelegateMock.swift */ = {isa = PBXFileReference; lastKnownFileType = sourcecode.swift; path = AddTransactionViewControllerDelegateMock.swift; sourceTree = "<group>"; };
		6D69928B286E10C500AC033B /* DataBaseRealmImp.swift */ = {isa = PBXFileReference; lastKnownFileType = sourcecode.swift; path = DataBaseRealmImp.swift; sourceTree = "<group>"; };
		6D69928D286E10D500AC033B /* DataBase.swift */ = {isa = PBXFileReference; lastKnownFileType = sourcecode.swift; path = DataBase.swift; sourceTree = "<group>"; };
		6D69928F286E112300AC033B /* TransactionDAO.swift */ = {isa = PBXFileReference; lastKnownFileType = sourcecode.swift; path = TransactionDAO.swift; sourceTree = "<group>"; };
		6D699292286E4A6B00AC033B /* TransactionListViewModelTests.swift */ = {isa = PBXFileReference; lastKnownFileType = sourcecode.swift; path = TransactionListViewModelTests.swift; sourceTree = "<group>"; };
		6D699294286E757700AC033B /* String+Tests.swift */ = {isa = PBXFileReference; lastKnownFileType = sourcecode.swift; path = "String+Tests.swift"; sourceTree = "<group>"; };
		6D699296286E791200AC033B /* DataBaseMockImp.swift */ = {isa = PBXFileReference; lastKnownFileType = sourcecode.swift; path = DataBaseMockImp.swift; sourceTree = "<group>"; };
/* End PBXFileReference section */

/* Begin PBXFrameworksBuildPhase section */
		6D6991F22867826800AC033B /* Frameworks */ = {
			isa = PBXFrameworksBuildPhase;
			buildActionMask = 2147483647;
			files = (
				6D699289286D15A400AC033B /* RealmSwift in Frameworks */,
				6D699287286D15A400AC033B /* Realm in Frameworks */,
			);
			runOnlyForDeploymentPostprocessing = 0;
		};
		6D6992082867826B00AC033B /* Frameworks */ = {
			isa = PBXFrameworksBuildPhase;
			buildActionMask = 2147483647;
			files = (
			);
			runOnlyForDeploymentPostprocessing = 0;
		};
/* End PBXFrameworksBuildPhase section */

/* Begin PBXGroup section */
		6D6991EC2867826800AC033B = {
			isa = PBXGroup;
			children = (
				6D6991F72867826800AC033B /* ExpensesReport */,
				6D69920E2867826B00AC033B /* ExpensesReportTests */,
				6D6991F62867826800AC033B /* Products */,
			);
			sourceTree = "<group>";
		};
		6D6991F62867826800AC033B /* Products */ = {
			isa = PBXGroup;
			children = (
				6D6991F52867826800AC033B /* ExpensesReport.app */,
				6D69920B2867826B00AC033B /* ExpensesReportTests.xctest */,
			);
			name = Products;
			sourceTree = "<group>";
		};
		6D6991F72867826800AC033B /* ExpensesReport */ = {
			isa = PBXGroup;
			children = (
				6D69928A286E10AB00AC033B /* Database */,
				6D69926C286B72D700AC033B /* AddTransaction */,
				6D69925D286B237400AC033B /* Tools */,
				6D6992392867B42000AC033B /* Models */,
				6D6992342867A4D900AC033B /* Extensions */,
				6D69922F2867992400AC033B /* TransactionList */,
				6D6991F82867826800AC033B /* AppDelegate.swift */,
				6D6991FA2867826800AC033B /* SceneDelegate.swift */,
				6D6992012867826A00AC033B /* Assets.xcassets */,
				6D6992032867826A00AC033B /* LaunchScreen.storyboard */,
				6D6992062867826A00AC033B /* Info.plist */,
			);
			path = ExpensesReport;
			sourceTree = "<group>";
		};
		6D69920E2867826B00AC033B /* ExpensesReportTests */ = {
			isa = PBXGroup;
			children = (
				6D699291286E4A5800AC033B /* ViewModels */,
				6D69927D286CD88E00AC033B /* Mocks */,
				6D699279286C893500AC033B /* ViewControllers */,
				6D699276286BABF700AC033B /* Validation */,
				6D699262286B484E00AC033B /* Cells */,
				6D6992432867FAD600AC033B /* Extensions */,
				6D69923C2867F3A300AC033B /* Models */,
			);
			path = ExpensesReportTests;
			sourceTree = "<group>";
		};
		6D69922F2867992400AC033B /* TransactionList */ = {
			isa = PBXGroup;
			children = (
				6D6992522869E0DB00AC033B /* Cells */,
				6D6992302867997D00AC033B /* TransactionListViewController.swift */,
				6D6992312867997D00AC033B /* TransactionListViewController.xib */,
				6D6992372867A87A00AC033B /* TransactionListViewModel.swift */,
				6D699250286817C700AC033B /* TransactionTableViewDataSource.swift */,
			);
			path = TransactionList;
			sourceTree = "<group>";
		};
		6D6992342867A4D900AC033B /* Extensions */ = {
			isa = PBXGroup;
			children = (
				6D6992352867A4E900AC033B /* UIView.swift */,
				6D6992412867F8C500AC033B /* Float.swift */,
				6D69924828680F6000AC033B /* Array.swift */,
				6D69924A2868127500AC033B /* Dictionary.swift */,
				6D69924C286812A100AC033B /* Date.swift */,
			);
			path = Extensions;
			sourceTree = "<group>";
		};
		6D6992392867B42000AC033B /* Models */ = {
			isa = PBXGroup;
			children = (
				6D69923A2867B45C00AC033B /* Transaction.swift */,
			);
			path = Models;
			sourceTree = "<group>";
		};
		6D69923C2867F3A300AC033B /* Models */ = {
			isa = PBXGroup;
			children = (
			);
			path = Models;
			sourceTree = "<group>";
		};
		6D6992432867FAD600AC033B /* Extensions */ = {
			isa = PBXGroup;
			children = (
				6D699298286E797D00AC033B /* Utils */,
				6D69923D2867F3BB00AC033B /* ArrayTests.swift */,
				6D6992442867FAE600AC033B /* FloatTests.swift */,
				6D699246286802D100AC033B /* UIViewTests.swift */,
				6D699260286B3CF000AC033B /* DateTests.swift */,
			);
			path = Extensions;
			sourceTree = "<group>";
		};
		6D6992522869E0DB00AC033B /* Cells */ = {
			isa = PBXGroup;
			children = (
				6D699257286A288D00AC033B /* TransactionTableViewCell.swift */,
				6D699258286A288D00AC033B /* TransactionTableViewCell.xib */,
			);
			path = Cells;
			sourceTree = "<group>";
		};
		6D69925D286B237400AC033B /* Tools */ = {
			isa = PBXGroup;
			children = (
				6D69925B286A8CEB00AC033B /* RoudedSectionTableView.swift */,
			);
			path = Tools;
			sourceTree = "<group>";
		};
		6D699262286B484E00AC033B /* Cells */ = {
			isa = PBXGroup;
			children = (
				6D699263286B485A00AC033B /* TransactionTableViewCellTests.swift */,
			);
			path = Cells;
			sourceTree = "<group>";
		};
		6D69926C286B72D700AC033B /* AddTransaction */ = {
			isa = PBXGroup;
			children = (
				6D699271286B9B8300AC033B /* Validation */,
				6D69926D286B72F800AC033B /* AddTransactionViewController.swift */,
				6D69926E286B72F800AC033B /* AddTransactionViewController.xib */,
				6D699274286BAA2D00AC033B /* AddTransactionViewControllerDelegate.swift */,
			);
			path = AddTransaction;
			sourceTree = "<group>";
		};
		6D699271286B9B8300AC033B /* Validation */ = {
			isa = PBXGroup;
			children = (
				6D699272286BA61D00AC033B /* TransactionInputValidation.swift */,
			);
			path = Validation;
			sourceTree = "<group>";
		};
		6D699276286BABF700AC033B /* Validation */ = {
			isa = PBXGroup;
			children = (
				6D699277286BAC0C00AC033B /* TransactionInputValidationTests.swift */,
			);
			path = Validation;
			sourceTree = "<group>";
		};
		6D699279286C893500AC033B /* ViewControllers */ = {
			isa = PBXGroup;
			children = (
				6D699280286CEE9500AC033B /* AddTransaction */,
				6D69927A286C893D00AC033B /* TransactionList */,
			);
			path = ViewControllers;
			sourceTree = "<group>";
		};
		6D69927A286C893D00AC033B /* TransactionList */ = {
			isa = PBXGroup;
			children = (
				6D69927B286C896300AC033B /* TransactionListViewControllerTests.swift */,
			);
			path = TransactionList;
			sourceTree = "<group>";
		};
		6D69927D286CD88E00AC033B /* Mocks */ = {
			isa = PBXGroup;
			children = (
				6D69927E286CD89B00AC033B /* TransactionListViewModelMock.swift */,
				6D699283286CFAC300AC033B /* AddTransactionViewControllerDelegateMock.swift */,
				6D699296286E791200AC033B /* DataBaseMockImp.swift */,
			);
			path = Mocks;
			sourceTree = "<group>";
		};
		6D699280286CEE9500AC033B /* AddTransaction */ = {
			isa = PBXGroup;
			children = (
				6D699281286CEFD100AC033B /* AddTransactionViewControllerTests.swift */,
			);
			path = AddTransaction;
			sourceTree = "<group>";
		};
		6D69928A286E10AB00AC033B /* Database */ = {
			isa = PBXGroup;
			children = (
				6D69928D286E10D500AC033B /* DataBase.swift */,
				6D69928B286E10C500AC033B /* DataBaseRealmImp.swift */,
				6D69928F286E112300AC033B /* TransactionDAO.swift */,
			);
			path = Database;
			sourceTree = "<group>";
		};
		6D699291286E4A5800AC033B /* ViewModels */ = {
			isa = PBXGroup;
			children = (
				6D699292286E4A6B00AC033B /* TransactionListViewModelTests.swift */,
			);
			path = ViewModels;
			sourceTree = "<group>";
		};
		6D699298286E797D00AC033B /* Utils */ = {
			isa = PBXGroup;
			children = (
				6D699294286E757700AC033B /* String+Tests.swift */,
				6D699265286B6B9100AC033B /* UIView+Tests.swift */,
			);
			path = Utils;
			sourceTree = "<group>";
		};
/* End PBXGroup section */

/* Begin PBXNativeTarget section */
		6D6991F42867826800AC033B /* ExpensesReport */ = {
			isa = PBXNativeTarget;
			buildConfigurationList = 6D69921F2867826B00AC033B /* Build configuration list for PBXNativeTarget "ExpensesReport" */;
			buildPhases = (
				6D6991F12867826800AC033B /* Sources */,
				6D6991F22867826800AC033B /* Frameworks */,
				6D6991F32867826800AC033B /* Resources */,
			);
			buildRules = (
			);
			dependencies = (
			);
			name = ExpensesReport;
			packageProductDependencies = (
				6D699286286D15A400AC033B /* Realm */,
				6D699288286D15A400AC033B /* RealmSwift */,
			);
			productName = ExpensesReport;
			productReference = 6D6991F52867826800AC033B /* ExpensesReport.app */;
			productType = "com.apple.product-type.application";
		};
		6D69920A2867826B00AC033B /* ExpensesReportTests */ = {
			isa = PBXNativeTarget;
			buildConfigurationList = 6D6992222867826B00AC033B /* Build configuration list for PBXNativeTarget "ExpensesReportTests" */;
			buildPhases = (
				6D6992072867826B00AC033B /* Sources */,
				6D6992082867826B00AC033B /* Frameworks */,
				6D6992092867826B00AC033B /* Resources */,
			);
			buildRules = (
			);
			dependencies = (
				6D69920D2867826B00AC033B /* PBXTargetDependency */,
			);
			name = ExpensesReportTests;
			productName = ExpensesReportTests;
			productReference = 6D69920B2867826B00AC033B /* ExpensesReportTests.xctest */;
			productType = "com.apple.product-type.bundle.unit-test";
		};
/* End PBXNativeTarget section */

/* Begin PBXProject section */
		6D6991ED2867826800AC033B /* Project object */ = {
			isa = PBXProject;
			attributes = {
				BuildIndependentTargetsInParallel = 1;
				LastSwiftUpdateCheck = 1320;
				LastUpgradeCheck = 1320;
				TargetAttributes = {
					6D6991F42867826800AC033B = {
						CreatedOnToolsVersion = 13.2.1;
					};
					6D69920A2867826B00AC033B = {
						CreatedOnToolsVersion = 13.2.1;
						TestTargetID = 6D6991F42867826800AC033B;
					};
				};
			};
			buildConfigurationList = 6D6991F02867826800AC033B /* Build configuration list for PBXProject "ExpensesReport" */;
			compatibilityVersion = "Xcode 13.0";
			developmentRegion = en;
			hasScannedForEncodings = 0;
			knownRegions = (
				en,
				Base,
			);
			mainGroup = 6D6991EC2867826800AC033B;
			packageReferences = (
				6D699285286D15A400AC033B /* XCRemoteSwiftPackageReference "realm-swift" */,
			);
			productRefGroup = 6D6991F62867826800AC033B /* Products */;
			projectDirPath = "";
			projectRoot = "";
			targets = (
				6D6991F42867826800AC033B /* ExpensesReport */,
				6D69920A2867826B00AC033B /* ExpensesReportTests */,
			);
		};
/* End PBXProject section */

/* Begin PBXResourcesBuildPhase section */
		6D6991F32867826800AC033B /* Resources */ = {
			isa = PBXResourcesBuildPhase;
			buildActionMask = 2147483647;
			files = (
				6D6992332867997D00AC033B /* TransactionListViewController.xib in Resources */,
				6D699270286B72F800AC033B /* AddTransactionViewController.xib in Resources */,
				6D6992052867826A00AC033B /* LaunchScreen.storyboard in Resources */,
				6D6992022867826A00AC033B /* Assets.xcassets in Resources */,
				6D69925A286A288D00AC033B /* TransactionTableViewCell.xib in Resources */,
			);
			runOnlyForDeploymentPostprocessing = 0;
		};
		6D6992092867826B00AC033B /* Resources */ = {
			isa = PBXResourcesBuildPhase;
			buildActionMask = 2147483647;
			files = (
			);
			runOnlyForDeploymentPostprocessing = 0;
		};
/* End PBXResourcesBuildPhase section */

/* Begin PBXSourcesBuildPhase section */
		6D6991F12867826800AC033B /* Sources */ = {
			isa = PBXSourcesBuildPhase;
			buildActionMask = 2147483647;
			files = (
				6D69924928680F6000AC033B /* Array.swift in Sources */,
				6D69924B2868127500AC033B /* Dictionary.swift in Sources */,
				6D6992362867A4E900AC033B /* UIView.swift in Sources */,
				6D6992382867A87A00AC033B /* TransactionListViewModel.swift in Sources */,
				6D69928E286E10D500AC033B /* DataBase.swift in Sources */,
				6D6991F92867826800AC033B /* AppDelegate.swift in Sources */,
				6D699290286E112300AC033B /* TransactionDAO.swift in Sources */,
				6D69926F286B72F800AC033B /* AddTransactionViewController.swift in Sources */,
				6D69928C286E10C600AC033B /* DataBaseRealmImp.swift in Sources */,
				6D699273286BA61D00AC033B /* TransactionInputValidation.swift in Sources */,
				6D6992422867F8C500AC033B /* Float.swift in Sources */,
				6D699259286A288D00AC033B /* TransactionTableViewCell.swift in Sources */,
				6D69925C286A8CEC00AC033B /* RoudedSectionTableView.swift in Sources */,
				6D699251286817C700AC033B /* TransactionTableViewDataSource.swift in Sources */,
				6D6992322867997D00AC033B /* TransactionListViewController.swift in Sources */,
				6D69924D286812A100AC033B /* Date.swift in Sources */,
				6D6991FB2867826800AC033B /* SceneDelegate.swift in Sources */,
				6D699275286BAA2D00AC033B /* AddTransactionViewControllerDelegate.swift in Sources */,
				6D69923B2867B45C00AC033B /* Transaction.swift in Sources */,
			);
			runOnlyForDeploymentPostprocessing = 0;
		};
		6D6992072867826B00AC033B /* Sources */ = {
			isa = PBXSourcesBuildPhase;
			buildActionMask = 2147483647;
			files = (
				6D6992452867FAE600AC033B /* FloatTests.swift in Sources */,
				6D699284286CFAC300AC033B /* AddTransactionViewControllerDelegateMock.swift in Sources */,
				6D699278286BAC0C00AC033B /* TransactionInputValidationTests.swift in Sources */,
				6D699295286E757800AC033B /* String+Tests.swift in Sources */,
				6D699264286B485A00AC033B /* TransactionTableViewCellTests.swift in Sources */,
				6D69923E2867F3BB00AC033B /* ArrayTests.swift in Sources */,
				6D69927F286CD89B00AC033B /* TransactionListViewModelMock.swift in Sources */,
				6D699247286802D100AC033B /* UIViewTests.swift in Sources */,
				6D699293286E4A6B00AC033B /* TransactionListViewModelTests.swift in Sources */,
				6D699266286B6B9100AC033B /* UIView+Tests.swift in Sources */,
				6D699261286B3CF000AC033B /* DateTests.swift in Sources */,
				6D69927C286C896300AC033B /* TransactionListViewControllerTests.swift in Sources */,
				6D699282286CEFD100AC033B /* AddTransactionViewControllerTests.swift in Sources */,
				6D699297286E791200AC033B /* DataBaseMockImp.swift in Sources */,
			);
			runOnlyForDeploymentPostprocessing = 0;
		};
/* End PBXSourcesBuildPhase section */

/* Begin PBXTargetDependency section */
		6D69920D2867826B00AC033B /* PBXTargetDependency */ = {
			isa = PBXTargetDependency;
			target = 6D6991F42867826800AC033B /* ExpensesReport */;
			targetProxy = 6D69920C2867826B00AC033B /* PBXContainerItemProxy */;
		};
/* End PBXTargetDependency section */

/* Begin PBXVariantGroup section */
		6D6992032867826A00AC033B /* LaunchScreen.storyboard */ = {
			isa = PBXVariantGroup;
			children = (
				6D6992042867826A00AC033B /* Base */,
			);
			name = LaunchScreen.storyboard;
			sourceTree = "<group>";
		};
/* End PBXVariantGroup section */

/* Begin XCBuildConfiguration section */
		6D69921D2867826B00AC033B /* Debug */ = {
			isa = XCBuildConfiguration;
			buildSettings = {
				ALWAYS_SEARCH_USER_PATHS = NO;
				CLANG_ANALYZER_NONNULL = YES;
				CLANG_ANALYZER_NUMBER_OBJECT_CONVERSION = YES_AGGRESSIVE;
				CLANG_CXX_LANGUAGE_STANDARD = "gnu++17";
				CLANG_CXX_LIBRARY = "libc++";
				CLANG_ENABLE_MODULES = YES;
				CLANG_ENABLE_OBJC_ARC = YES;
				CLANG_ENABLE_OBJC_WEAK = YES;
				CLANG_WARN_BLOCK_CAPTURE_AUTORELEASING = YES;
				CLANG_WARN_BOOL_CONVERSION = YES;
				CLANG_WARN_COMMA = YES;
				CLANG_WARN_CONSTANT_CONVERSION = YES;
				CLANG_WARN_DEPRECATED_OBJC_IMPLEMENTATIONS = YES;
				CLANG_WARN_DIRECT_OBJC_ISA_USAGE = YES_ERROR;
				CLANG_WARN_DOCUMENTATION_COMMENTS = YES;
				CLANG_WARN_EMPTY_BODY = YES;
				CLANG_WARN_ENUM_CONVERSION = YES;
				CLANG_WARN_INFINITE_RECURSION = YES;
				CLANG_WARN_INT_CONVERSION = YES;
				CLANG_WARN_NON_LITERAL_NULL_CONVERSION = YES;
				CLANG_WARN_OBJC_IMPLICIT_RETAIN_SELF = YES;
				CLANG_WARN_OBJC_LITERAL_CONVERSION = YES;
				CLANG_WARN_OBJC_ROOT_CLASS = YES_ERROR;
				CLANG_WARN_QUOTED_INCLUDE_IN_FRAMEWORK_HEADER = YES;
				CLANG_WARN_RANGE_LOOP_ANALYSIS = YES;
				CLANG_WARN_STRICT_PROTOTYPES = YES;
				CLANG_WARN_SUSPICIOUS_MOVE = YES;
				CLANG_WARN_UNGUARDED_AVAILABILITY = YES_AGGRESSIVE;
				CLANG_WARN_UNREACHABLE_CODE = YES;
				CLANG_WARN__DUPLICATE_METHOD_MATCH = YES;
				COPY_PHASE_STRIP = NO;
				DEBUG_INFORMATION_FORMAT = dwarf;
				ENABLE_STRICT_OBJC_MSGSEND = YES;
				ENABLE_TESTABILITY = YES;
				GCC_C_LANGUAGE_STANDARD = gnu11;
				GCC_DYNAMIC_NO_PIC = NO;
				GCC_NO_COMMON_BLOCKS = YES;
				GCC_OPTIMIZATION_LEVEL = 0;
				GCC_PREPROCESSOR_DEFINITIONS = (
					"DEBUG=1",
					"$(inherited)",
				);
				GCC_WARN_64_TO_32_BIT_CONVERSION = YES;
				GCC_WARN_ABOUT_RETURN_TYPE = YES_ERROR;
				GCC_WARN_UNDECLARED_SELECTOR = YES;
				GCC_WARN_UNINITIALIZED_AUTOS = YES_AGGRESSIVE;
				GCC_WARN_UNUSED_FUNCTION = YES;
				GCC_WARN_UNUSED_VARIABLE = YES;
				IPHONEOS_DEPLOYMENT_TARGET = 15.2;
				MTL_ENABLE_DEBUG_INFO = INCLUDE_SOURCE;
				MTL_FAST_MATH = YES;
				ONLY_ACTIVE_ARCH = YES;
				SDKROOT = iphoneos;
				SWIFT_ACTIVE_COMPILATION_CONDITIONS = DEBUG;
				SWIFT_OPTIMIZATION_LEVEL = "-Onone";
			};
			name = Debug;
		};
		6D69921E2867826B00AC033B /* Release */ = {
			isa = XCBuildConfiguration;
			buildSettings = {
				ALWAYS_SEARCH_USER_PATHS = NO;
				CLANG_ANALYZER_NONNULL = YES;
				CLANG_ANALYZER_NUMBER_OBJECT_CONVERSION = YES_AGGRESSIVE;
				CLANG_CXX_LANGUAGE_STANDARD = "gnu++17";
				CLANG_CXX_LIBRARY = "libc++";
				CLANG_ENABLE_MODULES = YES;
				CLANG_ENABLE_OBJC_ARC = YES;
				CLANG_ENABLE_OBJC_WEAK = YES;
				CLANG_WARN_BLOCK_CAPTURE_AUTORELEASING = YES;
				CLANG_WARN_BOOL_CONVERSION = YES;
				CLANG_WARN_COMMA = YES;
				CLANG_WARN_CONSTANT_CONVERSION = YES;
				CLANG_WARN_DEPRECATED_OBJC_IMPLEMENTATIONS = YES;
				CLANG_WARN_DIRECT_OBJC_ISA_USAGE = YES_ERROR;
				CLANG_WARN_DOCUMENTATION_COMMENTS = YES;
				CLANG_WARN_EMPTY_BODY = YES;
				CLANG_WARN_ENUM_CONVERSION = YES;
				CLANG_WARN_INFINITE_RECURSION = YES;
				CLANG_WARN_INT_CONVERSION = YES;
				CLANG_WARN_NON_LITERAL_NULL_CONVERSION = YES;
				CLANG_WARN_OBJC_IMPLICIT_RETAIN_SELF = YES;
				CLANG_WARN_OBJC_LITERAL_CONVERSION = YES;
				CLANG_WARN_OBJC_ROOT_CLASS = YES_ERROR;
				CLANG_WARN_QUOTED_INCLUDE_IN_FRAMEWORK_HEADER = YES;
				CLANG_WARN_RANGE_LOOP_ANALYSIS = YES;
				CLANG_WARN_STRICT_PROTOTYPES = YES;
				CLANG_WARN_SUSPICIOUS_MOVE = YES;
				CLANG_WARN_UNGUARDED_AVAILABILITY = YES_AGGRESSIVE;
				CLANG_WARN_UNREACHABLE_CODE = YES;
				CLANG_WARN__DUPLICATE_METHOD_MATCH = YES;
				COPY_PHASE_STRIP = NO;
				DEBUG_INFORMATION_FORMAT = "dwarf-with-dsym";
				ENABLE_NS_ASSERTIONS = NO;
				ENABLE_STRICT_OBJC_MSGSEND = YES;
				GCC_C_LANGUAGE_STANDARD = gnu11;
				GCC_NO_COMMON_BLOCKS = YES;
				GCC_WARN_64_TO_32_BIT_CONVERSION = YES;
				GCC_WARN_ABOUT_RETURN_TYPE = YES_ERROR;
				GCC_WARN_UNDECLARED_SELECTOR = YES;
				GCC_WARN_UNINITIALIZED_AUTOS = YES_AGGRESSIVE;
				GCC_WARN_UNUSED_FUNCTION = YES;
				GCC_WARN_UNUSED_VARIABLE = YES;
				IPHONEOS_DEPLOYMENT_TARGET = 15.2;
				MTL_ENABLE_DEBUG_INFO = NO;
				MTL_FAST_MATH = YES;
				SDKROOT = iphoneos;
				SWIFT_COMPILATION_MODE = wholemodule;
				SWIFT_OPTIMIZATION_LEVEL = "-O";
				VALIDATE_PRODUCT = YES;
			};
			name = Release;
		};
		6D6992202867826B00AC033B /* Debug */ = {
			isa = XCBuildConfiguration;
			buildSettings = {
				ASSETCATALOG_COMPILER_APPICON_NAME = AppIcon;
				ASSETCATALOG_COMPILER_GLOBAL_ACCENT_COLOR_NAME = AccentColor;
				CODE_SIGN_STYLE = Automatic;
				CURRENT_PROJECT_VERSION = 1;
				GENERATE_INFOPLIST_FILE = YES;
				INFOPLIST_FILE = ExpensesReport/Info.plist;
				INFOPLIST_KEY_UIApplicationSupportsIndirectInputEvents = YES;
				INFOPLIST_KEY_UILaunchStoryboardName = LaunchScreen;
				INFOPLIST_KEY_UISupportedInterfaceOrientations_iPad = "UIInterfaceOrientationPortrait UIInterfaceOrientationPortraitUpsideDown UIInterfaceOrientationLandscapeLeft UIInterfaceOrientationLandscapeRight";
				INFOPLIST_KEY_UISupportedInterfaceOrientations_iPhone = "UIInterfaceOrientationPortrait UIInterfaceOrientationLandscapeLeft UIInterfaceOrientationLandscapeRight";
				IPHONEOS_DEPLOYMENT_TARGET = 15.0;
				LD_RUNPATH_SEARCH_PATHS = (
					"$(inherited)",
					"@executable_path/Frameworks",
				);
				MARKETING_VERSION = 1.0;
				PRODUCT_BUNDLE_IDENTIFIER = com.jcenturion.ExpensesReport;
				PRODUCT_NAME = "$(TARGET_NAME)";
				SWIFT_EMIT_LOC_STRINGS = YES;
				SWIFT_VERSION = 5.0;
				TARGETED_DEVICE_FAMILY = "1,2";
			};
			name = Debug;
		};
		6D6992212867826B00AC033B /* Release */ = {
			isa = XCBuildConfiguration;
			buildSettings = {
				ASSETCATALOG_COMPILER_APPICON_NAME = AppIcon;
				ASSETCATALOG_COMPILER_GLOBAL_ACCENT_COLOR_NAME = AccentColor;
				CODE_SIGN_STYLE = Automatic;
				CURRENT_PROJECT_VERSION = 1;
				GENERATE_INFOPLIST_FILE = YES;
				INFOPLIST_FILE = ExpensesReport/Info.plist;
				INFOPLIST_KEY_UIApplicationSupportsIndirectInputEvents = YES;
				INFOPLIST_KEY_UILaunchStoryboardName = LaunchScreen;
				INFOPLIST_KEY_UISupportedInterfaceOrientations_iPad = "UIInterfaceOrientationPortrait UIInterfaceOrientationPortraitUpsideDown UIInterfaceOrientationLandscapeLeft UIInterfaceOrientationLandscapeRight";
				INFOPLIST_KEY_UISupportedInterfaceOrientations_iPhone = "UIInterfaceOrientationPortrait UIInterfaceOrientationLandscapeLeft UIInterfaceOrientationLandscapeRight";
				IPHONEOS_DEPLOYMENT_TARGET = 15.0;
				LD_RUNPATH_SEARCH_PATHS = (
					"$(inherited)",
					"@executable_path/Frameworks",
				);
				MARKETING_VERSION = 1.0;
				PRODUCT_BUNDLE_IDENTIFIER = com.jcenturion.ExpensesReport;
				PRODUCT_NAME = "$(TARGET_NAME)";
				SWIFT_EMIT_LOC_STRINGS = YES;
				SWIFT_VERSION = 5.0;
				TARGETED_DEVICE_FAMILY = "1,2";
			};
			name = Release;
		};
		6D6992232867826B00AC033B /* Debug */ = {
			isa = XCBuildConfiguration;
			buildSettings = {
				ALWAYS_EMBED_SWIFT_STANDARD_LIBRARIES = YES;
				BUNDLE_LOADER = "$(TEST_HOST)";
				CODE_SIGN_STYLE = Automatic;
				CURRENT_PROJECT_VERSION = 1;
				GENERATE_INFOPLIST_FILE = YES;
				IPHONEOS_DEPLOYMENT_TARGET = 15.2;
				MARKETING_VERSION = 1.0;
				PRODUCT_BUNDLE_IDENTIFIER = com.jcenturion.ExpensesReportTests;
				PRODUCT_NAME = "$(TARGET_NAME)";
				SWIFT_EMIT_LOC_STRINGS = NO;
				SWIFT_VERSION = 5.0;
				TARGETED_DEVICE_FAMILY = "1,2";
				TEST_HOST = "$(BUILT_PRODUCTS_DIR)/ExpensesReport.app/ExpensesReport";
			};
			name = Debug;
		};
		6D6992242867826B00AC033B /* Release */ = {
			isa = XCBuildConfiguration;
			buildSettings = {
				ALWAYS_EMBED_SWIFT_STANDARD_LIBRARIES = YES;
				BUNDLE_LOADER = "$(TEST_HOST)";
				CODE_SIGN_STYLE = Automatic;
				CURRENT_PROJECT_VERSION = 1;
				GENERATE_INFOPLIST_FILE = YES;
				IPHONEOS_DEPLOYMENT_TARGET = 15.2;
				MARKETING_VERSION = 1.0;
				PRODUCT_BUNDLE_IDENTIFIER = com.jcenturion.ExpensesReportTests;
				PRODUCT_NAME = "$(TARGET_NAME)";
				SWIFT_EMIT_LOC_STRINGS = NO;
				SWIFT_VERSION = 5.0;
				TARGETED_DEVICE_FAMILY = "1,2";
				TEST_HOST = "$(BUILT_PRODUCTS_DIR)/ExpensesReport.app/ExpensesReport";
			};
			name = Release;
		};
/* End XCBuildConfiguration section */

/* Begin XCConfigurationList section */
		6D6991F02867826800AC033B /* Build configuration list for PBXProject "ExpensesReport" */ = {
			isa = XCConfigurationList;
			buildConfigurations = (
				6D69921D2867826B00AC033B /* Debug */,
				6D69921E2867826B00AC033B /* Release */,
			);
			defaultConfigurationIsVisible = 0;
			defaultConfigurationName = Release;
		};
		6D69921F2867826B00AC033B /* Build configuration list for PBXNativeTarget "ExpensesReport" */ = {
			isa = XCConfigurationList;
			buildConfigurations = (
				6D6992202867826B00AC033B /* Debug */,
				6D6992212867826B00AC033B /* Release */,
			);
			defaultConfigurationIsVisible = 0;
			defaultConfigurationName = Release;
		};
		6D6992222867826B00AC033B /* Build configuration list for PBXNativeTarget "ExpensesReportTests" */ = {
			isa = XCConfigurationList;
			buildConfigurations = (
				6D6992232867826B00AC033B /* Debug */,
				6D6992242867826B00AC033B /* Release */,
			);
			defaultConfigurationIsVisible = 0;
			defaultConfigurationName = Release;
		};
/* End XCConfigurationList section */

/* Begin XCRemoteSwiftPackageReference section */
		6D699285286D15A400AC033B /* XCRemoteSwiftPackageReference "realm-swift" */ = {
			isa = XCRemoteSwiftPackageReference;
			repositoryURL = "https://github.com/realm/realm-swift";
			requirement = {
				branch = master;
				kind = branch;
			};
		};
/* End XCRemoteSwiftPackageReference section */

/* Begin XCSwiftPackageProductDependency section */
		6D699286286D15A400AC033B /* Realm */ = {
			isa = XCSwiftPackageProductDependency;
			package = 6D699285286D15A400AC033B /* XCRemoteSwiftPackageReference "realm-swift" */;
			productName = Realm;
		};
		6D699288286D15A400AC033B /* RealmSwift */ = {
			isa = XCSwiftPackageProductDependency;
			package = 6D699285286D15A400AC033B /* XCRemoteSwiftPackageReference "realm-swift" */;
			productName = RealmSwift;
		};
/* End XCSwiftPackageProductDependency section */
	};
	rootObject = 6D6991ED2867826800AC033B /* Project object */;
}
